PODS:
  - Aspects (1.4.1)
  - FLEX (3.0.0)
  - LWWebContainer (1.0.0)

DEPENDENCIES:
  - Aspects
  - FLEX (~> 3.0)
  - LWWebContainer (from `../`)

SPEC REPOS:
  https://github.com/CocoaPods/Specs.git:
    - Aspects
    - FLEX

EXTERNAL SOURCES:
  LWWebContainer:
    :path: "../"

SPEC CHECKSUMS:
  Aspects: 7595ba96a6727a58ebcbfc954497fc5d2fdde546
  FLEX: d66c759bce0f6ebbbf472c742380874d846f2883
  LWWebContainer: e3ac38de0c3a8df8e007e20a15012b2378cb6715

PODFILE CHECKSUM: 811fe12a58d69ce46de2f15eea10fd9eadcf318f

COCOAPODS: 1.8.4
